
Microsoft Visual Studio Solution File, Format Version 12.00
# Visual Studio Version 16
VisualStudioVersion = 16.0.28803.202
MinimumVisualStudioVersion = 10.0.40219.1
Project("{FAE04EC0-301F-11D3-BF4B-00C04F79EFBC}") = "TestWebApp", "TestWebApp\TestWebApp.csproj", "{073A4003-66C9-4BEC-A0D4-0967049E9695}"
EndProject
Project("{FAE04EC0-301F-11D3-BF4B-00C04F79EFBC}") = "TestWebApp.Domain", "..\TestWebApp.Domain\TestWebApp.Domain.csproj", "{557F2336-5595-4655-A2E1-48C5E3495440}"
EndProject
Global
	GlobalSection(SolutionConfigurationPlatforms) = preSolution
		Debug|Any CPU = Debug|Any CPU
		Release|Any CPU = Release|Any CPU
	EndGlobalSection
	GlobalSection(ProjectConfigurationPlatforms) = postSolution
		{073A4003-66C9-4BEC-A0D4-0967049E9695}.Debug|Any CPU.ActiveCfg = Debug|Any CPU
		{073A4003-66C9-4BEC-A0D4-0967049E9695}.Debug|Any CPU.Build.0 = Debug|Any CPU
		{073A4003-66C9-4BEC-A0D4-0967049E9695}.Release|Any CPU.ActiveCfg = Release|Any CPU
		{073A4003-66C9-4BEC-A0D4-0967049E9695}.Release|Any CPU.Build.0 = Release|Any CPU
		{557F2336-5595-4655-A2E1-48C5E3495440}.Debug|Any CPU.ActiveCfg = Debug|Any CPU
		{557F2336-5595-4655-A2E1-48C5E3495440}.Debug|Any CPU.Build.0 = Debug|Any CPU
		{557F2336-5595-4655-A2E1-48C5E3495440}.Release|Any CPU.ActiveCfg = Release|Any CPU
		{557F2336-5595-4655-A2E1-48C5E3495440}.Release|Any CPU.Build.0 = Release|Any CPU
	EndGlobalSection
	GlobalSection(SolutionProperties) = preSolution
		HideSolutionNode = FALSE
	EndGlobalSection
	GlobalSection(ExtensibilityGlobals) = postSolution
		SolutionGuid = {D2E08C3F-6392-494D-A298-66D3D24C5F2D}
	EndGlobalSection
EndGlobal
